// !$*UTF8*$!
{
	archiveVersion = 1;
	classes = {
	};
	objectVersion = 46;
	objects = {

/* Begin PBXBuildFile section */
		1D3623260D0F684500981E51 /* ImageDemoAppDelegate.m in Sources */ = {isa = PBXBuildFile; fileRef = 1D3623250D0F684500981E51 /* ImageDemoAppDelegate.m */; };
		1D60589B0D05DD56006BFB54 /* main.m in Sources */ = {isa = PBXBuildFile; fileRef = 29B97316FDCFA39411CA2CEA /* main.m */; };
		1D60589F0D05DD5A006BFB54 /* Foundation.framework in Frameworks */ = {isa = PBXBuildFile; fileRef = 1D30AB110D05D00D00671497 /* Foundation.framework */; };
		1DF5F4E00D08C38300B7A737 /* UIKit.framework in Frameworks */ = {isa = PBXBuildFile; fileRef = 1DF5F4DF0D08C38300B7A737 /* UIKit.framework */; };
		288765A50DF7441C002DB57D /* CoreGraphics.framework in Frameworks */ = {isa = PBXBuildFile; fileRef = 288765A40DF7441C002DB57D /* CoreGraphics.framework */; };
		28AD733F0D9D9553002E5188 /* MainWindow.xib in Resources */ = {isa = PBXBuildFile; fileRef = 28AD733E0D9D9553002E5188 /* MainWindow.xib */; };
		28D7ACF80DDB3853001CB0EB /* ImageDemoViewController.m in Sources */ = {isa = PBXBuildFile; fileRef = 28D7ACF70DDB3853001CB0EB /* ImageDemoViewController.m */; };
		38417CA011D1923400EFB0FB /* NSIndexSet+AQIndexesOutsideSet.m in Sources */ = {isa = PBXBuildFile; fileRef = 38417C9F11D1923400EFB0FB /* NSIndexSet+AQIndexesOutsideSet.m */; };
		3897830C117A678C00D5CC8F /* AQGridView.m in Sources */ = {isa = PBXBuildFile; fileRef = 389782FD117A678C00D5CC8F /* AQGridView.m */; };
		3897830D117A678C00D5CC8F /* AQGridViewCell.m in Sources */ = {isa = PBXBuildFile; fileRef = 38978301117A678C00D5CC8F /* AQGridViewCell.m */; };
		3897830E117A678C00D5CC8F /* AQGridViewController.m in Sources */ = {isa = PBXBuildFile; fileRef = 38978303117A678C00D5CC8F /* AQGridViewController.m */; };
		3897830F117A678C00D5CC8F /* AQGridViewData.m in Sources */ = {isa = PBXBuildFile; fileRef = 38978305117A678C00D5CC8F /* AQGridViewData.m */; };
		38978310117A678C00D5CC8F /* AQGridViewUpdateInfo.m in Sources */ = {isa = PBXBuildFile; fileRef = 38978307117A678C00D5CC8F /* AQGridViewUpdateInfo.m */; };
		38978311117A678C00D5CC8F /* AQGridViewUpdateItem.m in Sources */ = {isa = PBXBuildFile; fileRef = 38978309117A678C00D5CC8F /* AQGridViewUpdateItem.m */; };
		38978312117A678C00D5CC8F /* UIColor+AQGridView.m in Sources */ = {isa = PBXBuildFile; fileRef = 3897830B117A678C00D5CC8F /* UIColor+AQGridView.m */; };
		3897831C117A67BC00D5CC8F /* AQGridSelection.png in Resources */ = {isa = PBXBuildFile; fileRef = 38978317117A67BC00D5CC8F /* AQGridSelection.png */; };
		3897831D117A67BC00D5CC8F /* AQGridSelectionGray.png in Resources */ = {isa = PBXBuildFile; fileRef = 38978318117A67BC00D5CC8F /* AQGridSelectionGray.png */; };
		3897831E117A67BC00D5CC8F /* AQGridSelectionGrayBlue.png in Resources */ = {isa = PBXBuildFile; fileRef = 38978319117A67BC00D5CC8F /* AQGridSelectionGrayBlue.png */; };
		3897831F117A67BC00D5CC8F /* AQGridSelectionGreen.png in Resources */ = {isa = PBXBuildFile; fileRef = 3897831A117A67BC00D5CC8F /* AQGridSelectionGreen.png */; };
		38978320117A67BC00D5CC8F /* AQGridSelectionRed.png in Resources */ = {isa = PBXBuildFile; fileRef = 3897831B117A67BC00D5CC8F /* AQGridSelectionRed.png */; };
		3897838B117A6B4700D5CC8F /* ImageDemoViewController.xib in Resources */ = {isa = PBXBuildFile; fileRef = 3897838A117A6B4700D5CC8F /* ImageDemoViewController.xib */; };
		38978394117A712900D5CC8F /* ImageDemoGridViewCell.m in Sources */ = {isa = PBXBuildFile; fileRef = 38978393117A712900D5CC8F /* ImageDemoGridViewCell.m */; };
		38978408117A787900D5CC8F /* QuartzCore.framework in Frameworks */ = {isa = PBXBuildFile; fileRef = 38978407117A787900D5CC8F /* QuartzCore.framework */; };
		3897852F117A8FC800D5CC8F /* 3D-simplicity.png in Resources */ = {isa = PBXBuildFile; fileRef = 38978517117A8FC800D5CC8F /* 3D-simplicity.png */; };
		38978530117A8FC800D5CC8F /* AppleTV-esque_by-mikelcroft_nl-1440.png in Resources */ = {isa = PBXBuildFile; fileRef = 38978518117A8FC800D5CC8F /* AppleTV-esque_by-mikelcroft_nl-1440.png */; };
		38978531117A8FC800D5CC8F /* batman_surfing_on_superman.png in Resources */ = {isa = PBXBuildFile; fileRef = 38978519117A8FC800D5CC8F /* batman_surfing_on_superman.png */; };
		38978532117A8FC800D5CC8F /* coffee-break_.png in Resources */ = {isa = PBXBuildFile; fileRef = 3897851A117A8FC800D5CC8F /* coffee-break_.png */; };
		38978533117A8FC800D5CC8F /* colorful_1440x900.png in Resources */ = {isa = PBXBuildFile; fileRef = 3897851B117A8FC800D5CC8F /* colorful_1440x900.png */; };
		38978534117A8FC800D5CC8F /* Composition53.png in Resources */ = {isa = PBXBuildFile; fileRef = 3897851C117A8FC800D5CC8F /* Composition53.png */; };
		38978535117A8FC800D5CC8F /* Dragon.png in Resources */ = {isa = PBXBuildFile; fileRef = 3897851D117A8FC800D5CC8F /* Dragon.png */; };
		38978536117A8FC800D5CC8F /* eclipse.png in Resources */ = {isa = PBXBuildFile; fileRef = 3897851E117A8FC800D5CC8F /* eclipse.png */; };
		38978537117A8FC800D5CC8F /* face.png in Resources */ = {isa = PBXBuildFile; fileRef = 3897851F117A8FC800D5CC8F /* face.png */; };
		38978538117A8FC800D5CC8F /* focus.png in Resources */ = {isa = PBXBuildFile; fileRef = 38978520117A8FC800D5CC8F /* focus.png */; };
		38978539117A8FC800D5CC8F /* gbo.png in Resources */ = {isa = PBXBuildFile; fileRef = 38978521117A8FC800D5CC8F /* gbo.png */; };
		3897853A117A8FC800D5CC8F /* Green_Plant_(2560x1600).png in Resources */ = {isa = PBXBuildFile; fileRef = 38978522117A8FC800D5CC8F /* Green_Plant_(2560x1600).png */; };
		3897853B117A8FC800D5CC8F /* grounded.png in Resources */ = {isa = PBXBuildFile; fileRef = 38978523117A8FC800D5CC8F /* grounded.png */; };
		3897853C117A8FC800D5CC8F /* happy.png in Resources */ = {isa = PBXBuildFile; fileRef = 38978524117A8FC800D5CC8F /* happy.png */; };
		3897853D117A8FC800D5CC8F /* LeatherHoles-Apple.png in Resources */ = {isa = PBXBuildFile; fileRef = 38978525117A8FC800D5CC8F /* LeatherHoles-Apple.png */; };
		3897853E117A8FC800D5CC8F /* Let_it_snow_by_mj_coffeeholick.png in Resources */ = {isa = PBXBuildFile; fileRef = 38978526117A8FC800D5CC8F /* Let_it_snow_by_mj_coffeeholick.png */; };
		3897853F117A8FC800D5CC8F /* Luxury_Apple_by_Stratification.png in Resources */ = {isa = PBXBuildFile; fileRef = 38978527117A8FC800D5CC8F /* Luxury_Apple_by_Stratification.png */; };
		38978540117A8FC800D5CC8F /* MacMini.png in Resources */ = {isa = PBXBuildFile; fileRef = 38978528117A8FC800D5CC8F /* MacMini.png */; };
		38978541117A8FC800D5CC8F /* SlaveKingGod.png in Resources */ = {isa = PBXBuildFile; fileRef = 38978529117A8FC800D5CC8F /* SlaveKingGod.png */; };
		38978542117A8FC800D5CC8F /* Snow_Leopard_by_vladstudio.png in Resources */ = {isa = PBXBuildFile; fileRef = 3897852A117A8FC800D5CC8F /* Snow_Leopard_by_vladstudio.png */; };
		38978543117A8FC800D5CC8F /* Space Fold.png in Resources */ = {isa = PBXBuildFile; fileRef = 3897852B117A8FC800D5CC8F /* Space Fold.png */; };
		38978544117A8FC800D5CC8F /* Stormcloud_Schmeisser.png in Resources */ = {isa = PBXBuildFile; fileRef = 3897852C117A8FC800D5CC8F /* Stormcloud_Schmeisser.png */; };
		38978545117A8FC800D5CC8F /* tiamat.png in Resources */ = {isa = PBXBuildFile; fileRef = 3897852D117A8FC800D5CC8F /* tiamat.png */; };
		38978546117A8FC800D5CC8F /* WTF.png in Resources */ = {isa = PBXBuildFile; fileRef = 3897852E117A8FC800D5CC8F /* WTF.png */; };
		389785C3117AB50300D5CC8F /* NSIndexSet+AQIsSetContiguous.m in Sources */ = {isa = PBXBuildFile; fileRef = 389785C2117AB50300D5CC8F /* NSIndexSet+AQIsSetContiguous.m */; };
		38978617117B8D5200D5CC8F /* ImageDemoFilledCell.m in Sources */ = {isa = PBXBuildFile; fileRef = 38978616117B8D5200D5CC8F /* ImageDemoFilledCell.m */; };
		3897861B117B986600D5CC8F /* ImageDemoCellChooser.m in Sources */ = {isa = PBXBuildFile; fileRef = 3897861A117B986600D5CC8F /* ImageDemoCellChooser.m */; };
		38A6A0CD11DA5EC7005A3A29 /* AQGridViewAnimatorItem.m in Sources */ = {isa = PBXBuildFile; fileRef = 38A6A0CC11DA5EC7005A3A29 /* AQGridViewAnimatorItem.m */; };
/* End PBXBuildFile section */

/* Begin PBXFileReference section */
		1D30AB110D05D00D00671497 /* Foundation.framework */ = {isa = PBXFileReference; lastKnownFileType = wrapper.framework; name = Foundation.framework; path = System/Library/Frameworks/Foundation.framework; sourceTree = SDKROOT; };
		1D3623240D0F684500981E51 /* ImageDemoAppDelegate.h */ = {isa = PBXFileReference; fileEncoding = 4; lastKnownFileType = sourcecode.c.h; path = ImageDemoAppDelegate.h; sourceTree = "<group>"; };
		1D3623250D0F684500981E51 /* ImageDemoAppDelegate.m */ = {isa = PBXFileReference; fileEncoding = 4; lastKnownFileType = sourcecode.c.objc; path = ImageDemoAppDelegate.m; sourceTree = "<group>"; };
		1D6058910D05DD3D006BFB54 /* ImageDemo.app */ = {isa = PBXFileReference; explicitFileType = wrapper.application; includeInIndex = 0; path = ImageDemo.app; sourceTree = BUILT_PRODUCTS_DIR; };
		1DF5F4DF0D08C38300B7A737 /* UIKit.framework */ = {isa = PBXFileReference; lastKnownFileType = wrapper.framework; name = UIKit.framework; path = System/Library/Frameworks/UIKit.framework; sourceTree = SDKROOT; };
		288765A40DF7441C002DB57D /* CoreGraphics.framework */ = {isa = PBXFileReference; lastKnownFileType = wrapper.framework; name = CoreGraphics.framework; path = System/Library/Frameworks/CoreGraphics.framework; sourceTree = SDKROOT; };
		28AD733E0D9D9553002E5188 /* MainWindow.xib */ = {isa = PBXFileReference; lastKnownFileType = file.xib; path = MainWindow.xib; sourceTree = "<group>"; };
		28D7ACF60DDB3853001CB0EB /* ImageDemoViewController.h */ = {isa = PBXFileReference; fileEncoding = 4; lastKnownFileType = sourcecode.c.h; path = ImageDemoViewController.h; sourceTree = "<group>"; };
		28D7ACF70DDB3853001CB0EB /* ImageDemoViewController.m */ = {isa = PBXFileReference; fileEncoding = 4; lastKnownFileType = sourcecode.c.objc; path = ImageDemoViewController.m; sourceTree = "<group>"; };
		29B97316FDCFA39411CA2CEA /* main.m */ = {isa = PBXFileReference; fileEncoding = 4; lastKnownFileType = sourcecode.c.objc; path = main.m; sourceTree = "<group>"; };
		32CA4F630368D1EE00C91783 /* ImageDemo_Prefix.pch */ = {isa = PBXFileReference; fileEncoding = 4; lastKnownFileType = sourcecode.c.h; path = ImageDemo_Prefix.pch; sourceTree = "<group>"; };
		38417C9E11D1923400EFB0FB /* NSIndexSet+AQIndexesOutsideSet.h */ = {isa = PBXFileReference; fileEncoding = 4; lastKnownFileType = sourcecode.c.h; path = "NSIndexSet+AQIndexesOutsideSet.h"; sourceTree = "<group>"; };
		38417C9F11D1923400EFB0FB /* NSIndexSet+AQIndexesOutsideSet.m */ = {isa = PBXFileReference; fileEncoding = 4; lastKnownFileType = sourcecode.c.objc; path = "NSIndexSet+AQIndexesOutsideSet.m"; sourceTree = "<group>"; };
		389782FA117A678C00D5CC8F /* AQGridView+CellLayout.h */ = {isa = PBXFileReference; fileEncoding = 4; lastKnownFileType = sourcecode.c.h; path = "AQGridView+CellLayout.h"; sourceTree = "<group>"; };
		389782FB117A678C00D5CC8F /* AQGridView+CellLocationDelegation.h */ = {isa = PBXFileReference; fileEncoding = 4; lastKnownFileType = sourcecode.c.h; path = "AQGridView+CellLocationDelegation.h"; sourceTree = "<group>"; };
		389782FC117A678C00D5CC8F /* AQGridView.h */ = {isa = PBXFileReference; fileEncoding = 4; lastKnownFileType = sourcecode.c.h; path = AQGridView.h; sourceTree = "<group>"; };
		389782FD117A678C00D5CC8F /* AQGridView.m */ = {isa = PBXFileReference; fileEncoding = 4; lastKnownFileType = sourcecode.c.objc; path = AQGridView.m; sourceTree = "<group>"; };
		389782FF117A678C00D5CC8F /* AQGridViewCell+AQGridViewCellPrivate.h */ = {isa = PBXFileReference; fileEncoding = 4; lastKnownFileType = sourcecode.c.h; path = "AQGridViewCell+AQGridViewCellPrivate.h"; sourceTree = "<group>"; };
		38978300117A678C00D5CC8F /* AQGridViewCell.h */ = {isa = PBXFileReference; fileEncoding = 4; lastKnownFileType = sourcecode.c.h; path = AQGridViewCell.h; sourceTree = "<group>"; };
		38978301117A678C00D5CC8F /* AQGridViewCell.m */ = {isa = PBXFileReference; fileEncoding = 4; lastKnownFileType = sourcecode.c.objc; path = AQGridViewCell.m; sourceTree = "<group>"; };
		38978302117A678C00D5CC8F /* AQGridViewController.h */ = {isa = PBXFileReference; fileEncoding = 4; lastKnownFileType = sourcecode.c.h; path = AQGridViewController.h; sourceTree = "<group>"; };
		38978303117A678C00D5CC8F /* AQGridViewController.m */ = {isa = PBXFileReference; fileEncoding = 4; lastKnownFileType = sourcecode.c.objc; path = AQGridViewController.m; sourceTree = "<group>"; };
		38978304117A678C00D5CC8F /* AQGridViewData.h */ = {isa = PBXFileReference; fileEncoding = 4; lastKnownFileType = sourcecode.c.h; path = AQGridViewData.h; sourceTree = "<group>"; };
		38978305117A678C00D5CC8F /* AQGridViewData.m */ = {isa = PBXFileReference; fileEncoding = 4; lastKnownFileType = sourcecode.c.objc; path = AQGridViewData.m; sourceTree = "<group>"; };
		38978306117A678C00D5CC8F /* AQGridViewUpdateInfo.h */ = {isa = PBXFileReference; fileEncoding = 4; lastKnownFileType = sourcecode.c.h; path = AQGridViewUpdateInfo.h; sourceTree = "<group>"; };
		38978307117A678C00D5CC8F /* AQGridViewUpdateInfo.m */ = {isa = PBXFileReference; fileEncoding = 4; lastKnownFileType = sourcecode.c.objc; path = AQGridViewUpdateInfo.m; sourceTree = "<group>"; };
		38978308117A678C00D5CC8F /* AQGridViewUpdateItem.h */ = {isa = PBXFileReference; fileEncoding = 4; lastKnownFileType = sourcecode.c.h; path = AQGridViewUpdateItem.h; sourceTree = "<group>"; };
		38978309117A678C00D5CC8F /* AQGridViewUpdateItem.m */ = {isa = PBXFileReference; fileEncoding = 4; lastKnownFileType = sourcecode.c.objc; path = AQGridViewUpdateItem.m; sourceTree = "<group>"; };
		3897830A117A678C00D5CC8F /* UIColor+AQGridView.h */ = {isa = PBXFileReference; fileEncoding = 4; lastKnownFileType = sourcecode.c.h; path = "UIColor+AQGridView.h"; sourceTree = "<group>"; };
		3897830B117A678C00D5CC8F /* UIColor+AQGridView.m */ = {isa = PBXFileReference; fileEncoding = 4; lastKnownFileType = sourcecode.c.objc; path = "UIColor+AQGridView.m"; sourceTree = "<group>"; };
		38978317117A67BC00D5CC8F /* AQGridSelection.png */ = {isa = PBXFileReference; lastKnownFileType = image.png; name = AQGridSelection.png; path = ../../Resources/AQGridSelection.png; sourceTree = "<group>"; };
		38978318117A67BC00D5CC8F /* AQGridSelectionGray.png */ = {isa = PBXFileReference; lastKnownFileType = image.png; name = AQGridSelectionGray.png; path = ../../Resources/AQGridSelectionGray.png; sourceTree = "<group>"; };
		38978319117A67BC00D5CC8F /* AQGridSelectionGrayBlue.png */ = {isa = PBXFileReference; lastKnownFileType = image.png; name = AQGridSelectionGrayBlue.png; path = ../../Resources/AQGridSelectionGrayBlue.png; sourceTree = "<group>"; };
		3897831A117A67BC00D5CC8F /* AQGridSelectionGreen.png */ = {isa = PBXFileReference; lastKnownFileType = image.png; name = AQGridSelectionGreen.png; path = ../../Resources/AQGridSelectionGreen.png; sourceTree = "<group>"; };
		3897831B117A67BC00D5CC8F /* AQGridSelectionRed.png */ = {isa = PBXFileReference; lastKnownFileType = image.png; name = AQGridSelectionRed.png; path = ../../Resources/AQGridSelectionRed.png; sourceTree = "<group>"; };
		3897838A117A6B4700D5CC8F /* ImageDemoViewController.xib */ = {isa = PBXFileReference; lastKnownFileType = file.xib; path = ImageDemoViewController.xib; sourceTree = "<group>"; };
		38978392117A712900D5CC8F /* ImageDemoGridViewCell.h */ = {isa = PBXFileReference; fileEncoding = 4; lastKnownFileType = sourcecode.c.h; path = ImageDemoGridViewCell.h; sourceTree = "<group>"; };
		38978393117A712900D5CC8F /* ImageDemoGridViewCell.m */ = {isa = PBXFileReference; fileEncoding = 4; lastKnownFileType = sourcecode.c.objc; path = ImageDemoGridViewCell.m; sourceTree = "<group>"; };
		38978407117A787900D5CC8F /* QuartzCore.framework */ = {isa = PBXFileReference; lastKnownFileType = wrapper.framework; name = QuartzCore.framework; path = System/Library/Frameworks/QuartzCore.framework; sourceTree = SDKROOT; };
		38978517117A8FC800D5CC8F /* 3D-simplicity.png */ = {isa = PBXFileReference; lastKnownFileType = image.png; path = "3D-simplicity.png"; sourceTree = "<group>"; };
		38978518117A8FC800D5CC8F /* AppleTV-esque_by-mikelcroft_nl-1440.png */ = {isa = PBXFileReference; lastKnownFileType = image.png; path = "AppleTV-esque_by-mikelcroft_nl-1440.png"; sourceTree = "<group>"; };
		38978519117A8FC800D5CC8F /* batman_surfing_on_superman.png */ = {isa = PBXFileReference; lastKnownFileType = image.png; path = batman_surfing_on_superman.png; sourceTree = "<group>"; };
		3897851A117A8FC800D5CC8F /* coffee-break_.png */ = {isa = PBXFileReference; lastKnownFileType = image.png; path = "coffee-break_.png"; sourceTree = "<group>"; };
		3897851B117A8FC800D5CC8F /* colorful_1440x900.png */ = {isa = PBXFileReference; lastKnownFileType = image.png; path = colorful_1440x900.png; sourceTree = "<group>"; };
		3897851C117A8FC800D5CC8F /* Composition53.png */ = {isa = PBXFileReference; lastKnownFileType = image.png; path = Composition53.png; sourceTree = "<group>"; };
		3897851D117A8FC800D5CC8F /* Dragon.png */ = {isa = PBXFileReference; lastKnownFileType = image.png; path = Dragon.png; sourceTree = "<group>"; };
		3897851E117A8FC800D5CC8F /* eclipse.png */ = {isa = PBXFileReference; lastKnownFileType = image.png; path = eclipse.png; sourceTree = "<group>"; };
		3897851F117A8FC800D5CC8F /* face.png */ = {isa = PBXFileReference; lastKnownFileType = image.png; path = face.png; sourceTree = "<group>"; };
		38978520117A8FC800D5CC8F /* focus.png */ = {isa = PBXFileReference; lastKnownFileType = image.png; path = focus.png; sourceTree = "<group>"; };
		38978521117A8FC800D5CC8F /* gbo.png */ = {isa = PBXFileReference; lastKnownFileType = image.png; path = gbo.png; sourceTree = "<group>"; };
		38978522117A8FC800D5CC8F /* Green_Plant_(2560x1600).png */ = {isa = PBXFileReference; lastKnownFileType = image.png; path = "Green_Plant_(2560x1600).png"; sourceTree = "<group>"; };
		38978523117A8FC800D5CC8F /* grounded.png */ = {isa = PBXFileReference; lastKnownFileType = image.png; path = grounded.png; sourceTree = "<group>"; };
		38978524117A8FC800D5CC8F /* happy.png */ = {isa = PBXFileReference; lastKnownFileType = image.png; path = happy.png; sourceTree = "<group>"; };
		38978525117A8FC800D5CC8F /* LeatherHoles-Apple.png */ = {isa = PBXFileReference; lastKnownFileType = image.png; path = "LeatherHoles-Apple.png"; sourceTree = "<group>"; };
		38978526117A8FC800D5CC8F /* Let_it_snow_by_mj_coffeeholick.png */ = {isa = PBXFileReference; lastKnownFileType = image.png; path = Let_it_snow_by_mj_coffeeholick.png; sourceTree = "<group>"; };
		38978527117A8FC800D5CC8F /* Luxury_Apple_by_Stratification.png */ = {isa = PBXFileReference; lastKnownFileType = image.png; path = Luxury_Apple_by_Stratification.png; sourceTree = "<group>"; };
		38978528117A8FC800D5CC8F /* MacMini.png */ = {isa = PBXFileReference; lastKnownFileType = image.png; path = MacMini.png; sourceTree = "<group>"; };
		38978529117A8FC800D5CC8F /* SlaveKingGod.png */ = {isa = PBXFileReference; lastKnownFileType = image.png; path = SlaveKingGod.png; sourceTree = "<group>"; };
		3897852A117A8FC800D5CC8F /* Snow_Leopard_by_vladstudio.png */ = {isa = PBXFileReference; lastKnownFileType = image.png; path = Snow_Leopard_by_vladstudio.png; sourceTree = "<group>"; };
		3897852B117A8FC800D5CC8F /* Space Fold.png */ = {isa = PBXFileReference; lastKnownFileType = image.png; path = "Space Fold.png"; sourceTree = "<group>"; };
		3897852C117A8FC800D5CC8F /* Stormcloud_Schmeisser.png */ = {isa = PBXFileReference; lastKnownFileType = image.png; path = Stormcloud_Schmeisser.png; sourceTree = "<group>"; };
		3897852D117A8FC800D5CC8F /* tiamat.png */ = {isa = PBXFileReference; lastKnownFileType = image.png; path = tiamat.png; sourceTree = "<group>"; };
		3897852E117A8FC800D5CC8F /* WTF.png */ = {isa = PBXFileReference; lastKnownFileType = image.png; path = WTF.png; sourceTree = "<group>"; };
		389785C1117AB50300D5CC8F /* NSIndexSet+AQIsSetContiguous.h */ = {isa = PBXFileReference; fileEncoding = 4; lastKnownFileType = sourcecode.c.h; path = "NSIndexSet+AQIsSetContiguous.h"; sourceTree = "<group>"; };
		389785C2117AB50300D5CC8F /* NSIndexSet+AQIsSetContiguous.m */ = {isa = PBXFileReference; fileEncoding = 4; lastKnownFileType = sourcecode.c.objc; path = "NSIndexSet+AQIsSetContiguous.m"; sourceTree = "<group>"; };
		38978615117B8D5200D5CC8F /* ImageDemoFilledCell.h */ = {isa = PBXFileReference; fileEncoding = 4; lastKnownFileType = sourcecode.c.h; path = ImageDemoFilledCell.h; sourceTree = "<group>"; };
		38978616117B8D5200D5CC8F /* ImageDemoFilledCell.m */ = {isa = PBXFileReference; fileEncoding = 4; lastKnownFileType = sourcecode.c.objc; path = ImageDemoFilledCell.m; sourceTree = "<group>"; };
		38978619117B986600D5CC8F /* ImageDemoCellChooser.h */ = {isa = PBXFileReference; fileEncoding = 4; lastKnownFileType = sourcecode.c.h; path = ImageDemoCellChooser.h; sourceTree = "<group>"; };
		3897861A117B986600D5CC8F /* ImageDemoCellChooser.m */ = {isa = PBXFileReference; fileEncoding = 4; lastKnownFileType = sourcecode.c.objc; path = ImageDemoCellChooser.m; sourceTree = "<group>"; };
		38A6A0CB11DA5EC7005A3A29 /* AQGridViewAnimatorItem.h */ = {isa = PBXFileReference; fileEncoding = 4; lastKnownFileType = sourcecode.c.h; path = AQGridViewAnimatorItem.h; sourceTree = "<group>"; };
		38A6A0CC11DA5EC7005A3A29 /* AQGridViewAnimatorItem.m */ = {isa = PBXFileReference; fileEncoding = 4; lastKnownFileType = sourcecode.c.objc; path = AQGridViewAnimatorItem.m; sourceTree = "<group>"; };
		8D1107310486CEB800E47090 /* ImageDemo-Info.plist */ = {isa = PBXFileReference; fileEncoding = 4; lastKnownFileType = text.plist.xml; path = "ImageDemo-Info.plist"; plistStructureDefinitionIdentifier = "com.apple.xcode.plist.structure-definition.iphone.info-plist"; sourceTree = "<group>"; };
/* End PBXFileReference section */

/* Begin PBXFrameworksBuildPhase section */
		1D60588F0D05DD3D006BFB54 /* Frameworks */ = {
			isa = PBXFrameworksBuildPhase;
			buildActionMask = 2147483647;
			files = (
				1D60589F0D05DD5A006BFB54 /* Foundation.framework in Frameworks */,
				1DF5F4E00D08C38300B7A737 /* UIKit.framework in Frameworks */,
				288765A50DF7441C002DB57D /* CoreGraphics.framework in Frameworks */,
				38978408117A787900D5CC8F /* QuartzCore.framework in Frameworks */,
			);
			runOnlyForDeploymentPostprocessing = 0;
		};
/* End PBXFrameworksBuildPhase section */

/* Begin PBXGroup section */
		080E96DDFE201D6D7F000001 /* Classes */ = {
			isa = PBXGroup;
			children = (
				1D3623240D0F684500981E51 /* ImageDemoAppDelegate.h */,
				1D3623250D0F684500981E51 /* ImageDemoAppDelegate.m */,
				28D7ACF60DDB3853001CB0EB /* ImageDemoViewController.h */,
				28D7ACF70DDB3853001CB0EB /* ImageDemoViewController.m */,
				38978392117A712900D5CC8F /* ImageDemoGridViewCell.h */,
				38978393117A712900D5CC8F /* ImageDemoGridViewCell.m */,
				38978615117B8D5200D5CC8F /* ImageDemoFilledCell.h */,
				38978616117B8D5200D5CC8F /* ImageDemoFilledCell.m */,
				38978619117B986600D5CC8F /* ImageDemoCellChooser.h */,
				3897861A117B986600D5CC8F /* ImageDemoCellChooser.m */,
				389782F9117A678C00D5CC8F /* GridView */,
			);
			path = Classes;
			sourceTree = "<group>";
		};
		19C28FACFE9D520D11CA2CBB /* Products */ = {
			isa = PBXGroup;
			children = (
				1D6058910D05DD3D006BFB54 /* ImageDemo.app */,
			);
			name = Products;
			sourceTree = "<group>";
		};
		29B97314FDCFA39411CA2CEA /* CustomTemplate */ = {
			isa = PBXGroup;
			children = (
				080E96DDFE201D6D7F000001 /* Classes */,
				29B97315FDCFA39411CA2CEA /* Other Sources */,
				29B97317FDCFA39411CA2CEA /* Resources */,
				29B97323FDCFA39411CA2CEA /* Frameworks */,
				19C28FACFE9D520D11CA2CBB /* Products */,
			);
			name = CustomTemplate;
			sourceTree = "<group>";
		};
		29B97315FDCFA39411CA2CEA /* Other Sources */ = {
			isa = PBXGroup;
			children = (
				32CA4F630368D1EE00C91783 /* ImageDemo_Prefix.pch */,
				29B97316FDCFA39411CA2CEA /* main.m */,
			);
			name = "Other Sources";
			sourceTree = "<group>";
		};
		29B97317FDCFA39411CA2CEA /* Resources */ = {
			isa = PBXGroup;
			children = (
				38978516117A8FC800D5CC8F /* Images */,
				38978316117A679A00D5CC8F /* GridView */,
				28AD733E0D9D9553002E5188 /* MainWindow.xib */,
				3897838A117A6B4700D5CC8F /* ImageDemoViewController.xib */,
				8D1107310486CEB800E47090 /* ImageDemo-Info.plist */,
			);
			name = Resources;
			sourceTree = "<group>";
		};
		29B97323FDCFA39411CA2CEA /* Frameworks */ = {
			isa = PBXGroup;
			children = (
				1DF5F4DF0D08C38300B7A737 /* UIKit.framework */,
				1D30AB110D05D00D00671497 /* Foundation.framework */,
				288765A40DF7441C002DB57D /* CoreGraphics.framework */,
				38978407117A787900D5CC8F /* QuartzCore.framework */,
			);
			name = Frameworks;
			sourceTree = "<group>";
		};
		389782F9117A678C00D5CC8F /* GridView */ = {
			isa = PBXGroup;
			children = (
				389782FA117A678C00D5CC8F /* AQGridView+CellLayout.h */,
				389782FB117A678C00D5CC8F /* AQGridView+CellLocationDelegation.h */,
				389782FC117A678C00D5CC8F /* AQGridView.h */,
				389782FD117A678C00D5CC8F /* AQGridView.m */,
				389782FF117A678C00D5CC8F /* AQGridViewCell+AQGridViewCellPrivate.h */,
				38978300117A678C00D5CC8F /* AQGridViewCell.h */,
				38978301117A678C00D5CC8F /* AQGridViewCell.m */,
				38978302117A678C00D5CC8F /* AQGridViewController.h */,
				38978303117A678C00D5CC8F /* AQGridViewController.m */,
				38978304117A678C00D5CC8F /* AQGridViewData.h */,
				38978305117A678C00D5CC8F /* AQGridViewData.m */,
				38978306117A678C00D5CC8F /* AQGridViewUpdateInfo.h */,
				38978307117A678C00D5CC8F /* AQGridViewUpdateInfo.m */,
				38978308117A678C00D5CC8F /* AQGridViewUpdateItem.h */,
				38978309117A678C00D5CC8F /* AQGridViewUpdateItem.m */,
				38A6A0CB11DA5EC7005A3A29 /* AQGridViewAnimatorItem.h */,
				38A6A0CC11DA5EC7005A3A29 /* AQGridViewAnimatorItem.m */,
				3897830A117A678C00D5CC8F /* UIColor+AQGridView.h */,
				3897830B117A678C00D5CC8F /* UIColor+AQGridView.m */,
				389785C1117AB50300D5CC8F /* NSIndexSet+AQIsSetContiguous.h */,
				389785C2117AB50300D5CC8F /* NSIndexSet+AQIsSetContiguous.m */,
				38417C9E11D1923400EFB0FB /* NSIndexSet+AQIndexesOutsideSet.h */,
				38417C9F11D1923400EFB0FB /* NSIndexSet+AQIndexesOutsideSet.m */,
			);
			name = GridView;
			path = ../../../Classes;
			sourceTree = "<group>";
		};
		38978316117A679A00D5CC8F /* GridView */ = {
			isa = PBXGroup;
			children = (
				38978317117A67BC00D5CC8F /* AQGridSelection.png */,
				38978318117A67BC00D5CC8F /* AQGridSelectionGray.png */,
				38978319117A67BC00D5CC8F /* AQGridSelectionGrayBlue.png */,
				3897831A117A67BC00D5CC8F /* AQGridSelectionGreen.png */,
				3897831B117A67BC00D5CC8F /* AQGridSelectionRed.png */,
			);
			name = GridView;
			sourceTree = "<group>";
		};
		38978516117A8FC800D5CC8F /* Images */ = {
			isa = PBXGroup;
			children = (
				38978517117A8FC800D5CC8F /* 3D-simplicity.png */,
				38978518117A8FC800D5CC8F /* AppleTV-esque_by-mikelcroft_nl-1440.png */,
				38978519117A8FC800D5CC8F /* batman_surfing_on_superman.png */,
				3897851A117A8FC800D5CC8F /* coffee-break_.png */,
				3897851B117A8FC800D5CC8F /* colorful_1440x900.png */,
				3897851C117A8FC800D5CC8F /* Composition53.png */,
				3897851D117A8FC800D5CC8F /* Dragon.png */,
				3897851E117A8FC800D5CC8F /* eclipse.png */,
				3897851F117A8FC800D5CC8F /* face.png */,
				38978520117A8FC800D5CC8F /* focus.png */,
				38978521117A8FC800D5CC8F /* gbo.png */,
				38978522117A8FC800D5CC8F /* Green_Plant_(2560x1600).png */,
				38978523117A8FC800D5CC8F /* grounded.png */,
				38978524117A8FC800D5CC8F /* happy.png */,
				38978525117A8FC800D5CC8F /* LeatherHoles-Apple.png */,
				38978526117A8FC800D5CC8F /* Let_it_snow_by_mj_coffeeholick.png */,
				38978527117A8FC800D5CC8F /* Luxury_Apple_by_Stratification.png */,
				38978528117A8FC800D5CC8F /* MacMini.png */,
				38978529117A8FC800D5CC8F /* SlaveKingGod.png */,
				3897852A117A8FC800D5CC8F /* Snow_Leopard_by_vladstudio.png */,
				3897852B117A8FC800D5CC8F /* Space Fold.png */,
				3897852C117A8FC800D5CC8F /* Stormcloud_Schmeisser.png */,
				3897852D117A8FC800D5CC8F /* tiamat.png */,
				3897852E117A8FC800D5CC8F /* WTF.png */,
			);
			path = Images;
			sourceTree = "<group>";
		};
/* End PBXGroup section */

/* Begin PBXNativeTarget section */
		1D6058900D05DD3D006BFB54 /* ImageDemo */ = {
			isa = PBXNativeTarget;
			buildConfigurationList = 1D6058960D05DD3E006BFB54 /* Build configuration list for PBXNativeTarget "ImageDemo" */;
			buildPhases = (
				1D60588D0D05DD3D006BFB54 /* Resources */,
				1D60588E0D05DD3D006BFB54 /* Sources */,
				1D60588F0D05DD3D006BFB54 /* Frameworks */,
			);
			buildRules = (
			);
			dependencies = (
			);
			name = ImageDemo;
			productName = ImageDemo;
			productReference = 1D6058910D05DD3D006BFB54 /* ImageDemo.app */;
			productType = "com.apple.product-type.application";
		};
/* End PBXNativeTarget section */

/* Begin PBXProject section */
		29B97313FDCFA39411CA2CEA /* Project object */ = {
			isa = PBXProject;
			attributes = {
				LastUpgradeCheck = 0500;
			};
			buildConfigurationList = C01FCF4E08A954540054247B /* Build configuration list for PBXProject "ImageDemo" */;
			compatibilityVersion = "Xcode 3.2";
			developmentRegion = English;
			hasScannedForEncodings = 1;
			knownRegions = (
				English,
				Japanese,
				French,
				German,
			);
			mainGroup = 29B97314FDCFA39411CA2CEA /* CustomTemplate */;
			projectDirPath = "";
			projectRoot = "";
			targets = (
				1D6058900D05DD3D006BFB54 /* ImageDemo */,
			);
		};
/* End PBXProject section */

/* Begin PBXResourcesBuildPhase section */
		1D60588D0D05DD3D006BFB54 /* Resources */ = {
			isa = PBXResourcesBuildPhase;
			buildActionMask = 2147483647;
			files = (
				28AD733F0D9D9553002E5188 /* MainWindow.xib in Resources */,
				3897831C117A67BC00D5CC8F /* AQGridSelection.png in Resources */,
				3897831D117A67BC00D5CC8F /* AQGridSelectionGray.png in Resources */,
				3897831E117A67BC00D5CC8F /* AQGridSelectionGrayBlue.png in Resources */,
				3897831F117A67BC00D5CC8F /* AQGridSelectionGreen.png in Resources */,
				38978320117A67BC00D5CC8F /* AQGridSelectionRed.png in Resources */,
				3897838B117A6B4700D5CC8F /* ImageDemoViewController.xib in Resources */,
				3897852F117A8FC800D5CC8F /* 3D-simplicity.png in Resources */,
				38978530117A8FC800D5CC8F /* AppleTV-esque_by-mikelcroft_nl-1440.png in Resources */,
				38978531117A8FC800D5CC8F /* batman_surfing_on_superman.png in Resources */,
				38978532117A8FC800D5CC8F /* coffee-break_.png in Resources */,
				38978533117A8FC800D5CC8F /* colorful_1440x900.png in Resources */,
				38978534117A8FC800D5CC8F /* Composition53.png in Resources */,
				38978535117A8FC800D5CC8F /* Dragon.png in Resources */,
				38978536117A8FC800D5CC8F /* eclipse.png in Resources */,
				38978537117A8FC800D5CC8F /* face.png in Resources */,
				38978538117A8FC800D5CC8F /* focus.png in Resources */,
				38978539117A8FC800D5CC8F /* gbo.png in Resources */,
				3897853A117A8FC800D5CC8F /* Green_Plant_(2560x1600).png in Resources */,
				3897853B117A8FC800D5CC8F /* grounded.png in Resources */,
				3897853C117A8FC800D5CC8F /* happy.png in Resources */,
				3897853D117A8FC800D5CC8F /* LeatherHoles-Apple.png in Resources */,
				3897853E117A8FC800D5CC8F /* Let_it_snow_by_mj_coffeeholick.png in Resources */,
				3897853F117A8FC800D5CC8F /* Luxury_Apple_by_Stratification.png in Resources */,
				38978540117A8FC800D5CC8F /* MacMini.png in Resources */,
				38978541117A8FC800D5CC8F /* SlaveKingGod.png in Resources */,
				38978542117A8FC800D5CC8F /* Snow_Leopard_by_vladstudio.png in Resources */,
				38978543117A8FC800D5CC8F /* Space Fold.png in Resources */,
				38978544117A8FC800D5CC8F /* Stormcloud_Schmeisser.png in Resources */,
				38978545117A8FC800D5CC8F /* tiamat.png in Resources */,
				38978546117A8FC800D5CC8F /* WTF.png in Resources */,
			);
			runOnlyForDeploymentPostprocessing = 0;
		};
/* End PBXResourcesBuildPhase section */

/* Begin PBXSourcesBuildPhase section */
		1D60588E0D05DD3D006BFB54 /* Sources */ = {
			isa = PBXSourcesBuildPhase;
			buildActionMask = 2147483647;
			files = (
				1D60589B0D05DD56006BFB54 /* main.m in Sources */,
				1D3623260D0F684500981E51 /* ImageDemoAppDelegate.m in Sources */,
				28D7ACF80DDB3853001CB0EB /* ImageDemoViewController.m in Sources */,
				3897830C117A678C00D5CC8F /* AQGridView.m in Sources */,
				3897830D117A678C00D5CC8F /* AQGridViewCell.m in Sources */,
				3897830E117A678C00D5CC8F /* AQGridViewController.m in Sources */,
				3897830F117A678C00D5CC8F /* AQGridViewData.m in Sources */,
				38978310117A678C00D5CC8F /* AQGridViewUpdateInfo.m in Sources */,
				38978311117A678C00D5CC8F /* AQGridViewUpdateItem.m in Sources */,
				38978312117A678C00D5CC8F /* UIColor+AQGridView.m in Sources */,
				38978394117A712900D5CC8F /* ImageDemoGridViewCell.m in Sources */,
				389785C3117AB50300D5CC8F /* NSIndexSet+AQIsSetContiguous.m in Sources */,
				38978617117B8D5200D5CC8F /* ImageDemoFilledCell.m in Sources */,
				3897861B117B986600D5CC8F /* ImageDemoCellChooser.m in Sources */,
				38417CA011D1923400EFB0FB /* NSIndexSet+AQIndexesOutsideSet.m in Sources */,
				38A6A0CD11DA5EC7005A3A29 /* AQGridViewAnimatorItem.m in Sources */,
			);
			runOnlyForDeploymentPostprocessing = 0;
		};
/* End PBXSourcesBuildPhase section */

/* Begin XCBuildConfiguration section */
		1D6058940D05DD3E006BFB54 /* Debug */ = {
			isa = XCBuildConfiguration;
			buildSettings = {
				ALWAYS_SEARCH_USER_PATHS = NO;
				CLANG_ENABLE_OBJC_ARC = YES;
				COPY_PHASE_STRIP = NO;
				GCC_DYNAMIC_NO_PIC = NO;
				GCC_OPTIMIZATION_LEVEL = 0;
				GCC_PRECOMPILE_PREFIX_HEADER = YES;
				GCC_PREFIX_HEADER = ImageDemo_Prefix.pch;
				GCC_VERSION = com.apple.compilers.llvm.clang.1_0;
				INFOPLIST_FILE = "ImageDemo-Info.plist";
				IPHONEOS_DEPLOYMENT_TARGET = 4.0;
				PRODUCT_NAME = ImageDemo;
			};
			name = Debug;
		};
		1D6058950D05DD3E006BFB54 /* Release */ = {
			isa = XCBuildConfiguration;
			buildSettings = {
				ALWAYS_SEARCH_USER_PATHS = NO;
				CLANG_ENABLE_OBJC_ARC = YES;
				COPY_PHASE_STRIP = YES;
				GCC_PRECOMPILE_PREFIX_HEADER = YES;
				GCC_PREFIX_HEADER = ImageDemo_Prefix.pch;
				GCC_VERSION = com.apple.compilers.llvm.clang.1_0;
				INFOPLIST_FILE = "ImageDemo-Info.plist";
				IPHONEOS_DEPLOYMENT_TARGET = 4.0;
				PRODUCT_NAME = ImageDemo;
				VALIDATE_PRODUCT = YES;
			};
			name = Release;
		};
		C01FCF4F08A954540054247B /* Debug */ = {
			isa = XCBuildConfiguration;
			buildSettings = {
				"ARCHS[sdk=iphoneos*]" = armv7;
				"ARCHS[sdk=iphonesimulator*]" = i386;
				"CODE_SIGN_IDENTITY[sdk=iphoneos*]" = "iPhone Developer";
				GCC_C_LANGUAGE_STANDARD = c99;
				GCC_WARN_ABOUT_RETURN_TYPE = YES;
				GCC_WARN_UNUSED_VARIABLE = YES;
				ONLY_ACTIVE_ARCH = YES;
				SDKROOT = iphoneos;
				TARGETED_DEVICE_FAMILY = 2;
			};
			name = Debug;
		};
		C01FCF5008A954540054247B /* Release */ = {
			isa = XCBuildConfiguration;
			buildSettings = {
				"ARCHS[sdk=iphoneos*]" = armv7;
				"ARCHS[sdk=iphonesimulator*]" = i386;
				"CODE_SIGN_IDENTITY[sdk=iphoneos*]" = "iPhone Developer";
				GCC_C_LANGUAGE_STANDARD = c99;
				GCC_WARN_ABOUT_RETURN_TYPE = YES;
				GCC_WARN_UNUSED_VARIABLE = YES;
				OTHER_CFLAGS = "-DNS_BLOCK_ASSERTIONS=1";
				SDKROOT = iphoneos;
				TARGETED_DEVICE_FAMILY = 2;
			};
			name = Release;
		};
/* End XCBuildConfiguration section */

/* Begin XCConfigurationList section */
		1D6058960D05DD3E006BFB54 /* Build configuration list for PBXNativeTarget "ImageDemo" */ = {
			isa = XCConfigurationList;
			buildConfigurations = (
				1D6058940D05DD3E006BFB54 /* Debug */,
				1D6058950D05DD3E006BFB54 /* Release */,
			);
			defaultConfigurationIsVisible = 0;
			defaultConfigurationName = Release;
		};
		C01FCF4E08A954540054247B /* Build configuration list for PBXProject "ImageDemo" */ = {
			isa = XCConfigurationList;
			buildConfigurations = (
				C01FCF4F08A954540054247B /* Debug */,
				C01FCF5008A954540054247B /* Release */,
			);
			defaultConfigurationIsVisible = 0;
			defaultConfigurationName = Release;
		};
/* End XCConfigurationList section */
	};
	rootObject = 29B97313FDCFA39411CA2CEA /* Project object */;
}
