// !$*UTF8*$!
{
	archiveVersion = 1;
	classes = {
	};
	objectVersion = 46;
	objects = {

/* Begin PBXBuildFile section */
		389A5BCF1219900600B87185 /* AQGridSelection.png in Resources */ = {isa = PBXBuildFile; fileRef = 389A5BCA1219900600B87185 /* AQGridSelection.png */; };
		389A5BD01219900600B87185 /* AQGridSelectionGray.png in Resources */ = {isa = PBXBuildFile; fileRef = 389A5BCB1219900600B87185 /* AQGridSelectionGray.png */; };
		389A5BD11219900600B87185 /* AQGridSelectionGrayBlue.png in Resources */ = {isa = PBXBuildFile; fileRef = 389A5BCC1219900600B87185 /* AQGridSelectionGrayBlue.png */; };
		389A5BD21219900600B87185 /* AQGridSelectionGreen.png in Resources */ = {isa = PBXBuildFile; fileRef = 389A5BCD1219900600B87185 /* AQGridSelectionGreen.png */; };
		389A5BD31219900600B87185 /* AQGridSelectionRed.png in Resources */ = {isa = PBXBuildFile; fileRef = 389A5BCE1219900600B87185 /* AQGridSelectionRed.png */; };
		389A5BED121995A200B87185 /* QuartzCore.framework in Frameworks */ = {isa = PBXBuildFile; fileRef = 389A5BEC121995A200B87185 /* QuartzCore.framework */; };
		38AE3FAE121986F700E7D3B5 /* ExpandFromGridViewCell.m in Sources */ = {isa = PBXBuildFile; fileRef = 38AE3FAD121986F700E7D3B5 /* ExpandFromGridViewCell.m */; };
		38AE3FB112198A9D00E7D3B5 /* ExpandingGridViewController.m in Sources */ = {isa = PBXBuildFile; fileRef = 38AE3FB012198A9D00E7D3B5 /* ExpandingGridViewController.m */; };
		38AE3FCB12198E1300E7D3B5 /* 3D-simplicity.png in Resources */ = {isa = PBXBuildFile; fileRef = 38AE3FB312198E1300E7D3B5 /* 3D-simplicity.png */; };
		38AE3FCC12198E1300E7D3B5 /* AppleTV-esque_by-mikelcroft_nl-1440.png in Resources */ = {isa = PBXBuildFile; fileRef = 38AE3FB412198E1300E7D3B5 /* AppleTV-esque_by-mikelcroft_nl-1440.png */; };
		38AE3FCD12198E1300E7D3B5 /* batman_surfing_on_superman.png in Resources */ = {isa = PBXBuildFile; fileRef = 38AE3FB512198E1300E7D3B5 /* batman_surfing_on_superman.png */; };
		38AE3FCE12198E1300E7D3B5 /* coffee-break_.png in Resources */ = {isa = PBXBuildFile; fileRef = 38AE3FB612198E1300E7D3B5 /* coffee-break_.png */; };
		38AE3FCF12198E1300E7D3B5 /* colorful_1440x900.png in Resources */ = {isa = PBXBuildFile; fileRef = 38AE3FB712198E1300E7D3B5 /* colorful_1440x900.png */; };
		38AE3FD012198E1300E7D3B5 /* Composition53.png in Resources */ = {isa = PBXBuildFile; fileRef = 38AE3FB812198E1300E7D3B5 /* Composition53.png */; };
		38AE3FD112198E1300E7D3B5 /* Dragon.png in Resources */ = {isa = PBXBuildFile; fileRef = 38AE3FB912198E1300E7D3B5 /* Dragon.png */; };
		38AE3FD212198E1300E7D3B5 /* eclipse.png in Resources */ = {isa = PBXBuildFile; fileRef = 38AE3FBA12198E1300E7D3B5 /* eclipse.png */; };
		38AE3FD312198E1300E7D3B5 /* face.png in Resources */ = {isa = PBXBuildFile; fileRef = 38AE3FBB12198E1300E7D3B5 /* face.png */; };
		38AE3FD412198E1300E7D3B5 /* focus.png in Resources */ = {isa = PBXBuildFile; fileRef = 38AE3FBC12198E1300E7D3B5 /* focus.png */; };
		38AE3FD512198E1300E7D3B5 /* gbo.png in Resources */ = {isa = PBXBuildFile; fileRef = 38AE3FBD12198E1300E7D3B5 /* gbo.png */; };
		38AE3FD612198E1300E7D3B5 /* Green_Plant_(2560x1600).png in Resources */ = {isa = PBXBuildFile; fileRef = 38AE3FBE12198E1300E7D3B5 /* Green_Plant_(2560x1600).png */; };
		38AE3FD712198E1300E7D3B5 /* grounded.png in Resources */ = {isa = PBXBuildFile; fileRef = 38AE3FBF12198E1300E7D3B5 /* grounded.png */; };
		38AE3FD812198E1300E7D3B5 /* happy.png in Resources */ = {isa = PBXBuildFile; fileRef = 38AE3FC012198E1300E7D3B5 /* happy.png */; };
		38AE3FD912198E1300E7D3B5 /* LeatherHoles-Apple.png in Resources */ = {isa = PBXBuildFile; fileRef = 38AE3FC112198E1300E7D3B5 /* LeatherHoles-Apple.png */; };
		38AE3FDA12198E1300E7D3B5 /* Let_it_snow_by_mj_coffeeholick.png in Resources */ = {isa = PBXBuildFile; fileRef = 38AE3FC212198E1300E7D3B5 /* Let_it_snow_by_mj_coffeeholick.png */; };
		38AE3FDB12198E1300E7D3B5 /* Luxury_Apple_by_Stratification.png in Resources */ = {isa = PBXBuildFile; fileRef = 38AE3FC312198E1300E7D3B5 /* Luxury_Apple_by_Stratification.png */; };
		38AE3FDC12198E1300E7D3B5 /* MacMini.png in Resources */ = {isa = PBXBuildFile; fileRef = 38AE3FC412198E1300E7D3B5 /* MacMini.png */; };
		38AE3FDD12198E1300E7D3B5 /* SlaveKingGod.png in Resources */ = {isa = PBXBuildFile; fileRef = 38AE3FC512198E1300E7D3B5 /* SlaveKingGod.png */; };
		38AE3FDE12198E1300E7D3B5 /* Snow_Leopard_by_vladstudio.png in Resources */ = {isa = PBXBuildFile; fileRef = 38AE3FC612198E1300E7D3B5 /* Snow_Leopard_by_vladstudio.png */; };
		38AE3FDF12198E1300E7D3B5 /* Space Fold.png in Resources */ = {isa = PBXBuildFile; fileRef = 38AE3FC712198E1300E7D3B5 /* Space Fold.png */; };
		38AE3FE012198E1300E7D3B5 /* Stormcloud_Schmeisser.png in Resources */ = {isa = PBXBuildFile; fileRef = 38AE3FC812198E1300E7D3B5 /* Stormcloud_Schmeisser.png */; };
		38AE3FE112198E1300E7D3B5 /* tiamat.png in Resources */ = {isa = PBXBuildFile; fileRef = 38AE3FC912198E1300E7D3B5 /* tiamat.png */; };
		38AE3FE212198E1300E7D3B5 /* WTF.png in Resources */ = {isa = PBXBuildFile; fileRef = 38AE3FCA12198E1300E7D3B5 /* WTF.png */; };
		38D6F06D12197E62006909B6 /* UIKit.framework in Frameworks */ = {isa = PBXBuildFile; fileRef = 38D6F06C12197E62006909B6 /* UIKit.framework */; };
		38D6F06F12197E62006909B6 /* Foundation.framework in Frameworks */ = {isa = PBXBuildFile; fileRef = 38D6F06E12197E62006909B6 /* Foundation.framework */; };
		38D6F07112197E62006909B6 /* CoreGraphics.framework in Frameworks */ = {isa = PBXBuildFile; fileRef = 38D6F07012197E62006909B6 /* CoreGraphics.framework */; };
		38D6F07612197E62006909B6 /* InfoPlist.strings in Resources */ = {isa = PBXBuildFile; fileRef = 38D6F07412197E62006909B6 /* InfoPlist.strings */; };
		38D6F07812197E62006909B6 /* main.m in Sources */ = {isa = PBXBuildFile; fileRef = 38D6F07712197E62006909B6 /* main.m */; };
		38D6F07B12197E62006909B6 /* ExpanderDemoAppDelegate.m in Sources */ = {isa = PBXBuildFile; fileRef = 38D6F07A12197E62006909B6 /* ExpanderDemoAppDelegate.m */; };
		38D6F07E12197E62006909B6 /* MainWindow.xib in Resources */ = {isa = PBXBuildFile; fileRef = 38D6F07C12197E62006909B6 /* MainWindow.xib */; };
		38D6F08112197E62006909B6 /* ExpanderDemoViewController.m in Sources */ = {isa = PBXBuildFile; fileRef = 38D6F08012197E62006909B6 /* ExpanderDemoViewController.m */; };
		38D6F12A121982CC006909B6 /* AQGridView.m in Sources */ = {isa = PBXBuildFile; fileRef = 38D6F114121982CC006909B6 /* AQGridView.m */; settings = {COMPILER_FLAGS = "-fobjc-arc"; }; };
		38D6F12B121982CC006909B6 /* AQGridViewAnimatorItem.m in Sources */ = {isa = PBXBuildFile; fileRef = 38D6F118121982CC006909B6 /* AQGridViewAnimatorItem.m */; settings = {COMPILER_FLAGS = "-fobjc-arc"; }; };
		38D6F12C121982CC006909B6 /* AQGridViewCell.m in Sources */ = {isa = PBXBuildFile; fileRef = 38D6F11A121982CC006909B6 /* AQGridViewCell.m */; settings = {COMPILER_FLAGS = "-fobjc-arc"; }; };
		38D6F12D121982CC006909B6 /* AQGridViewController.m in Sources */ = {isa = PBXBuildFile; fileRef = 38D6F11D121982CC006909B6 /* AQGridViewController.m */; settings = {COMPILER_FLAGS = "-fobjc-arc"; }; };
		38D6F12E121982CC006909B6 /* AQGridViewData.m in Sources */ = {isa = PBXBuildFile; fileRef = 38D6F11F121982CC006909B6 /* AQGridViewData.m */; settings = {COMPILER_FLAGS = "-fobjc-arc"; }; };
		38D6F12F121982CC006909B6 /* AQGridViewUpdateInfo.m in Sources */ = {isa = PBXBuildFile; fileRef = 38D6F121121982CC006909B6 /* AQGridViewUpdateInfo.m */; settings = {COMPILER_FLAGS = "-fobjc-arc"; }; };
		38D6F130121982CC006909B6 /* AQGridViewUpdateItem.m in Sources */ = {isa = PBXBuildFile; fileRef = 38D6F123121982CC006909B6 /* AQGridViewUpdateItem.m */; settings = {COMPILER_FLAGS = "-fobjc-arc"; }; };
		38D6F131121982CC006909B6 /* NSIndexSet+AQIndexesOutsideSet.m in Sources */ = {isa = PBXBuildFile; fileRef = 38D6F125121982CC006909B6 /* NSIndexSet+AQIndexesOutsideSet.m */; };
		38D6F132121982CC006909B6 /* NSIndexSet+AQIsSetContiguous.m in Sources */ = {isa = PBXBuildFile; fileRef = 38D6F127121982CC006909B6 /* NSIndexSet+AQIsSetContiguous.m */; };
		38D6F133121982CC006909B6 /* UIColor+AQGridView.m in Sources */ = {isa = PBXBuildFile; fileRef = 38D6F129121982CC006909B6 /* UIColor+AQGridView.m */; };
		38D6F13C12198326006909B6 /* ImageGridViewCell.m in Sources */ = {isa = PBXBuildFile; fileRef = 38D6F13B12198326006909B6 /* ImageGridViewCell.m */; };
/* End PBXBuildFile section */

/* Begin PBXFileReference section */
		389A5BCA1219900600B87185 /* AQGridSelection.png */ = {isa = PBXFileReference; lastKnownFileType = image.png; name = AQGridSelection.png; path = ../../Resources/AQGridSelection.png; sourceTree = SOURCE_ROOT; };
		389A5BCB1219900600B87185 /* AQGridSelectionGray.png */ = {isa = PBXFileReference; lastKnownFileType = image.png; name = AQGridSelectionGray.png; path = ../../Resources/AQGridSelectionGray.png; sourceTree = SOURCE_ROOT; };
		389A5BCC1219900600B87185 /* AQGridSelectionGrayBlue.png */ = {isa = PBXFileReference; lastKnownFileType = image.png; name = AQGridSelectionGrayBlue.png; path = ../../Resources/AQGridSelectionGrayBlue.png; sourceTree = SOURCE_ROOT; };
		389A5BCD1219900600B87185 /* AQGridSelectionGreen.png */ = {isa = PBXFileReference; lastKnownFileType = image.png; name = AQGridSelectionGreen.png; path = ../../Resources/AQGridSelectionGreen.png; sourceTree = SOURCE_ROOT; };
		389A5BCE1219900600B87185 /* AQGridSelectionRed.png */ = {isa = PBXFileReference; lastKnownFileType = image.png; name = AQGridSelectionRed.png; path = ../../Resources/AQGridSelectionRed.png; sourceTree = SOURCE_ROOT; };
		389A5BEC121995A200B87185 /* QuartzCore.framework */ = {isa = PBXFileReference; lastKnownFileType = wrapper.framework; name = QuartzCore.framework; path = System/Library/Frameworks/QuartzCore.framework; sourceTree = SDKROOT; };
		38AE3FAC121986F700E7D3B5 /* ExpandFromGridViewCell.h */ = {isa = PBXFileReference; fileEncoding = 4; lastKnownFileType = sourcecode.c.h; path = ExpandFromGridViewCell.h; sourceTree = "<group>"; };
		38AE3FAD121986F700E7D3B5 /* ExpandFromGridViewCell.m */ = {isa = PBXFileReference; fileEncoding = 4; lastKnownFileType = sourcecode.c.objc; path = ExpandFromGridViewCell.m; sourceTree = "<group>"; };
		38AE3FAF12198A9D00E7D3B5 /* ExpandingGridViewController.h */ = {isa = PBXFileReference; explicitFileType = sourcecode.c.objc; fileEncoding = 4; path = ExpandingGridViewController.h; sourceTree = "<group>"; };
		38AE3FB012198A9D00E7D3B5 /* ExpandingGridViewController.m */ = {isa = PBXFileReference; explicitFileType = sourcecode.c.objc; fileEncoding = 4; path = ExpandingGridViewController.m; sourceTree = "<group>"; };
		38AE3FB312198E1300E7D3B5 /* 3D-simplicity.png */ = {isa = PBXFileReference; lastKnownFileType = image.png; path = "3D-simplicity.png"; sourceTree = "<group>"; };
		38AE3FB412198E1300E7D3B5 /* AppleTV-esque_by-mikelcroft_nl-1440.png */ = {isa = PBXFileReference; lastKnownFileType = image.png; path = "AppleTV-esque_by-mikelcroft_nl-1440.png"; sourceTree = "<group>"; };
		38AE3FB512198E1300E7D3B5 /* batman_surfing_on_superman.png */ = {isa = PBXFileReference; lastKnownFileType = image.png; path = batman_surfing_on_superman.png; sourceTree = "<group>"; };
		38AE3FB612198E1300E7D3B5 /* coffee-break_.png */ = {isa = PBXFileReference; lastKnownFileType = image.png; path = "coffee-break_.png"; sourceTree = "<group>"; };
		38AE3FB712198E1300E7D3B5 /* colorful_1440x900.png */ = {isa = PBXFileReference; lastKnownFileType = image.png; path = colorful_1440x900.png; sourceTree = "<group>"; };
		38AE3FB812198E1300E7D3B5 /* Composition53.png */ = {isa = PBXFileReference; lastKnownFileType = image.png; path = Composition53.png; sourceTree = "<group>"; };
		38AE3FB912198E1300E7D3B5 /* Dragon.png */ = {isa = PBXFileReference; lastKnownFileType = image.png; path = Dragon.png; sourceTree = "<group>"; };
		38AE3FBA12198E1300E7D3B5 /* eclipse.png */ = {isa = PBXFileReference; lastKnownFileType = image.png; path = eclipse.png; sourceTree = "<group>"; };
		38AE3FBB12198E1300E7D3B5 /* face.png */ = {isa = PBXFileReference; lastKnownFileType = image.png; path = face.png; sourceTree = "<group>"; };
		38AE3FBC12198E1300E7D3B5 /* focus.png */ = {isa = PBXFileReference; lastKnownFileType = image.png; path = focus.png; sourceTree = "<group>"; };
		38AE3FBD12198E1300E7D3B5 /* gbo.png */ = {isa = PBXFileReference; lastKnownFileType = image.png; path = gbo.png; sourceTree = "<group>"; };
		38AE3FBE12198E1300E7D3B5 /* Green_Plant_(2560x1600).png */ = {isa = PBXFileReference; lastKnownFileType = image.png; path = "Green_Plant_(2560x1600).png"; sourceTree = "<group>"; };
		38AE3FBF12198E1300E7D3B5 /* grounded.png */ = {isa = PBXFileReference; lastKnownFileType = image.png; path = grounded.png; sourceTree = "<group>"; };
		38AE3FC012198E1300E7D3B5 /* happy.png */ = {isa = PBXFileReference; lastKnownFileType = image.png; path = happy.png; sourceTree = "<group>"; };
		38AE3FC112198E1300E7D3B5 /* LeatherHoles-Apple.png */ = {isa = PBXFileReference; lastKnownFileType = image.png; path = "LeatherHoles-Apple.png"; sourceTree = "<group>"; };
		38AE3FC212198E1300E7D3B5 /* Let_it_snow_by_mj_coffeeholick.png */ = {isa = PBXFileReference; lastKnownFileType = image.png; path = Let_it_snow_by_mj_coffeeholick.png; sourceTree = "<group>"; };
		38AE3FC312198E1300E7D3B5 /* Luxury_Apple_by_Stratification.png */ = {isa = PBXFileReference; lastKnownFileType = image.png; path = Luxury_Apple_by_Stratification.png; sourceTree = "<group>"; };
		38AE3FC412198E1300E7D3B5 /* MacMini.png */ = {isa = PBXFileReference; lastKnownFileType = image.png; path = MacMini.png; sourceTree = "<group>"; };
		38AE3FC512198E1300E7D3B5 /* SlaveKingGod.png */ = {isa = PBXFileReference; lastKnownFileType = image.png; path = SlaveKingGod.png; sourceTree = "<group>"; };
		38AE3FC612198E1300E7D3B5 /* Snow_Leopard_by_vladstudio.png */ = {isa = PBXFileReference; lastKnownFileType = image.png; path = Snow_Leopard_by_vladstudio.png; sourceTree = "<group>"; };
		38AE3FC712198E1300E7D3B5 /* Space Fold.png */ = {isa = PBXFileReference; lastKnownFileType = image.png; path = "Space Fold.png"; sourceTree = "<group>"; };
		38AE3FC812198E1300E7D3B5 /* Stormcloud_Schmeisser.png */ = {isa = PBXFileReference; lastKnownFileType = image.png; path = Stormcloud_Schmeisser.png; sourceTree = "<group>"; };
		38AE3FC912198E1300E7D3B5 /* tiamat.png */ = {isa = PBXFileReference; lastKnownFileType = image.png; path = tiamat.png; sourceTree = "<group>"; };
		38AE3FCA12198E1300E7D3B5 /* WTF.png */ = {isa = PBXFileReference; lastKnownFileType = image.png; path = WTF.png; sourceTree = "<group>"; };
		38D6F06912197E62006909B6 /* ExpanderDemo.app */ = {isa = PBXFileReference; explicitFileType = wrapper.application; includeInIndex = 0; path = ExpanderDemo.app; sourceTree = BUILT_PRODUCTS_DIR; };
		38D6F06C12197E62006909B6 /* UIKit.framework */ = {isa = PBXFileReference; lastKnownFileType = wrapper.framework; name = UIKit.framework; path = System/Library/Frameworks/UIKit.framework; sourceTree = SDKROOT; };
		38D6F06E12197E62006909B6 /* Foundation.framework */ = {isa = PBXFileReference; lastKnownFileType = wrapper.framework; name = Foundation.framework; path = System/Library/Frameworks/Foundation.framework; sourceTree = SDKROOT; };
		38D6F07012197E62006909B6 /* CoreGraphics.framework */ = {isa = PBXFileReference; lastKnownFileType = wrapper.framework; name = CoreGraphics.framework; path = System/Library/Frameworks/CoreGraphics.framework; sourceTree = SDKROOT; };
		38D6F07212197E62006909B6 /* ExpanderDemo-Info.plist */ = {isa = PBXFileReference; lastKnownFileType = text.plist.xml; path = "ExpanderDemo-Info.plist"; sourceTree = "<group>"; };
		38D6F07312197E62006909B6 /* ExpanderDemo_Prefix.pch */ = {isa = PBXFileReference; lastKnownFileType = sourcecode.c.h; path = ExpanderDemo_Prefix.pch; sourceTree = "<group>"; };
		38D6F07512197E62006909B6 /* en */ = {isa = PBXFileReference; lastKnownFileType = text.plist.strings; name = en; path = en.lproj/InfoPlist.strings; sourceTree = "<group>"; };
		38D6F07712197E62006909B6 /* main.m */ = {isa = PBXFileReference; lastKnownFileType = sourcecode.c.objc; path = main.m; sourceTree = "<group>"; };
		38D6F07912197E62006909B6 /* ExpanderDemoAppDelegate.h */ = {isa = PBXFileReference; lastKnownFileType = sourcecode.c.h; path = ExpanderDemoAppDelegate.h; sourceTree = "<group>"; };
		38D6F07A12197E62006909B6 /* ExpanderDemoAppDelegate.m */ = {isa = PBXFileReference; lastKnownFileType = sourcecode.c.objc; path = ExpanderDemoAppDelegate.m; sourceTree = "<group>"; };
		38D6F07D12197E62006909B6 /* en */ = {isa = PBXFileReference; lastKnownFileType = file.xib; name = en; path = en.lproj/MainWindow.xib; sourceTree = "<group>"; };
		38D6F07F12197E62006909B6 /* ExpanderDemoViewController.h */ = {isa = PBXFileReference; lastKnownFileType = sourcecode.c.h; path = ExpanderDemoViewController.h; sourceTree = "<group>"; };
		38D6F08012197E62006909B6 /* ExpanderDemoViewController.m */ = {isa = PBXFileReference; lastKnownFileType = sourcecode.c.objc; path = ExpanderDemoViewController.m; sourceTree = "<group>"; };
		38D6F113121982CC006909B6 /* AQGridView.h */ = {isa = PBXFileReference; fileEncoding = 4; lastKnownFileType = sourcecode.c.h; name = AQGridView.h; path = ../../../Classes/AQGridView.h; sourceTree = "<group>"; };
		38D6F114121982CC006909B6 /* AQGridView.m */ = {isa = PBXFileReference; fileEncoding = 4; lastKnownFileType = sourcecode.c.objc; name = AQGridView.m; path = ../../../Classes/AQGridView.m; sourceTree = "<group>"; };
		38D6F115121982CC006909B6 /* AQGridView+CellLayout.h */ = {isa = PBXFileReference; fileEncoding = 4; lastKnownFileType = sourcecode.c.h; name = "AQGridView+CellLayout.h"; path = "../../../Classes/AQGridView+CellLayout.h"; sourceTree = "<group>"; };
		38D6F116121982CC006909B6 /* AQGridView+CellLocationDelegation.h */ = {isa = PBXFileReference; fileEncoding = 4; lastKnownFileType = sourcecode.c.h; name = "AQGridView+CellLocationDelegation.h"; path = "../../../Classes/AQGridView+CellLocationDelegation.h"; sourceTree = "<group>"; };
		38D6F117121982CC006909B6 /* AQGridViewAnimatorItem.h */ = {isa = PBXFileReference; fileEncoding = 4; lastKnownFileType = sourcecode.c.h; name = AQGridViewAnimatorItem.h; path = ../../../Classes/AQGridViewAnimatorItem.h; sourceTree = "<group>"; };
		38D6F118121982CC006909B6 /* AQGridViewAnimatorItem.m */ = {isa = PBXFileReference; fileEncoding = 4; lastKnownFileType = sourcecode.c.objc; name = AQGridViewAnimatorItem.m; path = ../../../Classes/AQGridViewAnimatorItem.m; sourceTree = "<group>"; };
		38D6F119121982CC006909B6 /* AQGridViewCell.h */ = {isa = PBXFileReference; fileEncoding = 4; lastKnownFileType = sourcecode.c.h; name = AQGridViewCell.h; path = ../../../Classes/AQGridViewCell.h; sourceTree = "<group>"; };
		38D6F11A121982CC006909B6 /* AQGridViewCell.m */ = {isa = PBXFileReference; fileEncoding = 4; lastKnownFileType = sourcecode.c.objc; name = AQGridViewCell.m; path = ../../../Classes/AQGridViewCell.m; sourceTree = "<group>"; };
		38D6F11B121982CC006909B6 /* AQGridViewCell+AQGridViewCellPrivate.h */ = {isa = PBXFileReference; fileEncoding = 4; lastKnownFileType = sourcecode.c.h; name = "AQGridViewCell+AQGridViewCellPrivate.h"; path = "../../../Classes/AQGridViewCell+AQGridViewCellPrivate.h"; sourceTree = "<group>"; };
		38D6F11C121982CC006909B6 /* AQGridViewController.h */ = {isa = PBXFileReference; fileEncoding = 4; lastKnownFileType = sourcecode.c.h; name = AQGridViewController.h; path = ../../../Classes/AQGridViewController.h; sourceTree = "<group>"; };
		38D6F11D121982CC006909B6 /* AQGridViewController.m */ = {isa = PBXFileReference; fileEncoding = 4; lastKnownFileType = sourcecode.c.objc; name = AQGridViewController.m; path = ../../../Classes/AQGridViewController.m; sourceTree = "<group>"; };
		38D6F11E121982CC006909B6 /* AQGridViewData.h */ = {isa = PBXFileReference; fileEncoding = 4; lastKnownFileType = sourcecode.c.h; name = AQGridViewData.h; path = ../../../Classes/AQGridViewData.h; sourceTree = "<group>"; };
		38D6F11F121982CC006909B6 /* AQGridViewData.m */ = {isa = PBXFileReference; fileEncoding = 4; lastKnownFileType = sourcecode.c.objc; name = AQGridViewData.m; path = ../../../Classes/AQGridViewData.m; sourceTree = "<group>"; };
		38D6F120121982CC006909B6 /* AQGridViewUpdateInfo.h */ = {isa = PBXFileReference; fileEncoding = 4; lastKnownFileType = sourcecode.c.h; name = AQGridViewUpdateInfo.h; path = ../../../Classes/AQGridViewUpdateInfo.h; sourceTree = "<group>"; };
		38D6F121121982CC006909B6 /* AQGridViewUpdateInfo.m */ = {isa = PBXFileReference; fileEncoding = 4; lastKnownFileType = sourcecode.c.objc; name = AQGridViewUpdateInfo.m; path = ../../../Classes/AQGridViewUpdateInfo.m; sourceTree = "<group>"; };
		38D6F122121982CC006909B6 /* AQGridViewUpdateItem.h */ = {isa = PBXFileReference; fileEncoding = 4; lastKnownFileType = sourcecode.c.h; name = AQGridViewUpdateItem.h; path = ../../../Classes/AQGridViewUpdateItem.h; sourceTree = "<group>"; };
		38D6F123121982CC006909B6 /* AQGridViewUpdateItem.m */ = {isa = PBXFileReference; fileEncoding = 4; lastKnownFileType = sourcecode.c.objc; name = AQGridViewUpdateItem.m; path = ../../../Classes/AQGridViewUpdateItem.m; sourceTree = "<group>"; };
		38D6F124121982CC006909B6 /* NSIndexSet+AQIndexesOutsideSet.h */ = {isa = PBXFileReference; fileEncoding = 4; lastKnownFileType = sourcecode.c.h; name = "NSIndexSet+AQIndexesOutsideSet.h"; path = "../../../Classes/NSIndexSet+AQIndexesOutsideSet.h"; sourceTree = "<group>"; };
		38D6F125121982CC006909B6 /* NSIndexSet+AQIndexesOutsideSet.m */ = {isa = PBXFileReference; fileEncoding = 4; lastKnownFileType = sourcecode.c.objc; name = "NSIndexSet+AQIndexesOutsideSet.m"; path = "../../../Classes/NSIndexSet+AQIndexesOutsideSet.m"; sourceTree = "<group>"; };
		38D6F126121982CC006909B6 /* NSIndexSet+AQIsSetContiguous.h */ = {isa = PBXFileReference; fileEncoding = 4; lastKnownFileType = sourcecode.c.h; name = "NSIndexSet+AQIsSetContiguous.h"; path = "../../../Classes/NSIndexSet+AQIsSetContiguous.h"; sourceTree = "<group>"; };
		38D6F127121982CC006909B6 /* NSIndexSet+AQIsSetContiguous.m */ = {isa = PBXFileReference; fileEncoding = 4; lastKnownFileType = sourcecode.c.objc; name = "NSIndexSet+AQIsSetContiguous.m"; path = "../../../Classes/NSIndexSet+AQIsSetContiguous.m"; sourceTree = "<group>"; };
		38D6F128121982CC006909B6 /* UIColor+AQGridView.h */ = {isa = PBXFileReference; fileEncoding = 4; lastKnownFileType = sourcecode.c.h; name = "UIColor+AQGridView.h"; path = "../../../Classes/UIColor+AQGridView.h"; sourceTree = "<group>"; };
		38D6F129121982CC006909B6 /* UIColor+AQGridView.m */ = {isa = PBXFileReference; fileEncoding = 4; lastKnownFileType = sourcecode.c.objc; name = "UIColor+AQGridView.m"; path = "../../../Classes/UIColor+AQGridView.m"; sourceTree = "<group>"; };
		38D6F13A12198326006909B6 /* ImageGridViewCell.h */ = {isa = PBXFileReference; fileEncoding = 4; lastKnownFileType = sourcecode.c.h; path = ImageGridViewCell.h; sourceTree = "<group>"; };
		38D6F13B12198326006909B6 /* ImageGridViewCell.m */ = {isa = PBXFileReference; fileEncoding = 4; lastKnownFileType = sourcecode.c.objc; path = ImageGridViewCell.m; sourceTree = "<group>"; };
/* End PBXFileReference section */

/* Begin PBXFrameworksBuildPhase section */
		38D6F06612197E62006909B6 /* Frameworks */ = {
			isa = PBXFrameworksBuildPhase;
			buildActionMask = 2147483647;
			files = (
				38D6F06D12197E62006909B6 /* UIKit.framework in Frameworks */,
				38D6F06F12197E62006909B6 /* Foundation.framework in Frameworks */,
				38D6F07112197E62006909B6 /* CoreGraphics.framework in Frameworks */,
				389A5BED121995A200B87185 /* QuartzCore.framework in Frameworks */,
			);
			runOnlyForDeploymentPostprocessing = 0;
		};
/* End PBXFrameworksBuildPhase section */

/* Begin PBXGroup section */
		389A5BC912198FFA00B87185 /* GridView */ = {
			isa = PBXGroup;
			children = (
				389A5BCA1219900600B87185 /* AQGridSelection.png */,
				389A5BCB1219900600B87185 /* AQGridSelectionGray.png */,
				389A5BCC1219900600B87185 /* AQGridSelectionGrayBlue.png */,
				389A5BCD1219900600B87185 /* AQGridSelectionGreen.png */,
				389A5BCE1219900600B87185 /* AQGridSelectionRed.png */,
			);
			name = GridView;
			sourceTree = "<group>";
		};
		38AE3FB212198E1300E7D3B5 /* Images */ = {
			isa = PBXGroup;
			children = (
				38AE3FB312198E1300E7D3B5 /* 3D-simplicity.png */,
				38AE3FB412198E1300E7D3B5 /* AppleTV-esque_by-mikelcroft_nl-1440.png */,
				38AE3FB512198E1300E7D3B5 /* batman_surfing_on_superman.png */,
				38AE3FB612198E1300E7D3B5 /* coffee-break_.png */,
				38AE3FB712198E1300E7D3B5 /* colorful_1440x900.png */,
				38AE3FB812198E1300E7D3B5 /* Composition53.png */,
				38AE3FB912198E1300E7D3B5 /* Dragon.png */,
				38AE3FBA12198E1300E7D3B5 /* eclipse.png */,
				38AE3FBB12198E1300E7D3B5 /* face.png */,
				38AE3FBC12198E1300E7D3B5 /* focus.png */,
				38AE3FBD12198E1300E7D3B5 /* gbo.png */,
				38AE3FBE12198E1300E7D3B5 /* Green_Plant_(2560x1600).png */,
				38AE3FBF12198E1300E7D3B5 /* grounded.png */,
				38AE3FC012198E1300E7D3B5 /* happy.png */,
				38AE3FC112198E1300E7D3B5 /* LeatherHoles-Apple.png */,
				38AE3FC212198E1300E7D3B5 /* Let_it_snow_by_mj_coffeeholick.png */,
				38AE3FC312198E1300E7D3B5 /* Luxury_Apple_by_Stratification.png */,
				38AE3FC412198E1300E7D3B5 /* MacMini.png */,
				38AE3FC512198E1300E7D3B5 /* SlaveKingGod.png */,
				38AE3FC612198E1300E7D3B5 /* Snow_Leopard_by_vladstudio.png */,
				38AE3FC712198E1300E7D3B5 /* Space Fold.png */,
				38AE3FC812198E1300E7D3B5 /* Stormcloud_Schmeisser.png */,
				38AE3FC912198E1300E7D3B5 /* tiamat.png */,
				38AE3FCA12198E1300E7D3B5 /* WTF.png */,
			);
			name = Images;
			path = ../ImageDemo/Images;
			sourceTree = "<group>";
		};
		38D6F05A12197E62006909B6 = {
			isa = PBXGroup;
			children = (
				38D6F06112197E62006909B6 /* Classes */,
				38D6F06212197E62006909B6 /* Other Sources */,
				38D6F06312197E62006909B6 /* Resources */,
				38D6F06412197E62006909B6 /* Frameworks */,
				38D6F06A12197E62006909B6 /* Products */,
			);
			sourceTree = "<group>";
		};
		38D6F06112197E62006909B6 /* Classes */ = {
			isa = PBXGroup;
			children = (
				38D6F07912197E62006909B6 /* ExpanderDemoAppDelegate.h */,
				38D6F07A12197E62006909B6 /* ExpanderDemoAppDelegate.m */,
				38D6F07F12197E62006909B6 /* ExpanderDemoViewController.h */,
				38D6F08012197E62006909B6 /* ExpanderDemoViewController.m */,
				38AE3FAF12198A9D00E7D3B5 /* ExpandingGridViewController.h */,
				38AE3FB012198A9D00E7D3B5 /* ExpandingGridViewController.m */,
				38D6F13A12198326006909B6 /* ImageGridViewCell.h */,
				38D6F13B12198326006909B6 /* ImageGridViewCell.m */,
				38AE3FAC121986F700E7D3B5 /* ExpandFromGridViewCell.h */,
				38AE3FAD121986F700E7D3B5 /* ExpandFromGridViewCell.m */,
				38D6F0BB12197EBA006909B6 /* GridView */,
			);
			path = Classes;
			sourceTree = "<group>";
		};
		38D6F06212197E62006909B6 /* Other Sources */ = {
			isa = PBXGroup;
			children = (
				38D6F07312197E62006909B6 /* ExpanderDemo_Prefix.pch */,
				38D6F07712197E62006909B6 /* main.m */,
			);
			name = "Other Sources";
			sourceTree = "<group>";
		};
		38D6F06312197E62006909B6 /* Resources */ = {
			isa = PBXGroup;
			children = (
				38AE3FB212198E1300E7D3B5 /* Images */,
				389A5BC912198FFA00B87185 /* GridView */,
				38D6F07212197E62006909B6 /* ExpanderDemo-Info.plist */,
				38D6F07412197E62006909B6 /* InfoPlist.strings */,
				38D6F07C12197E62006909B6 /* MainWindow.xib */,
			);
			name = Resources;
			sourceTree = "<group>";
		};
		38D6F06412197E62006909B6 /* Frameworks */ = {
			isa = PBXGroup;
			children = (
				38D6F06C12197E62006909B6 /* UIKit.framework */,
				38D6F06E12197E62006909B6 /* Foundation.framework */,
				38D6F07012197E62006909B6 /* CoreGraphics.framework */,
				389A5BEC121995A200B87185 /* QuartzCore.framework */,
			);
			name = Frameworks;
			sourceTree = "<group>";
		};
		38D6F06A12197E62006909B6 /* Products */ = {
			isa = PBXGroup;
			children = (
				38D6F06912197E62006909B6 /* ExpanderDemo.app */,
			);
			name = Products;
			sourceTree = "<group>";
		};
		38D6F0BB12197EBA006909B6 /* GridView */ = {
			isa = PBXGroup;
			children = (
				38D6F113121982CC006909B6 /* AQGridView.h */,
				38D6F114121982CC006909B6 /* AQGridView.m */,
				38D6F115121982CC006909B6 /* AQGridView+CellLayout.h */,
				38D6F116121982CC006909B6 /* AQGridView+CellLocationDelegation.h */,
				38D6F117121982CC006909B6 /* AQGridViewAnimatorItem.h */,
				38D6F118121982CC006909B6 /* AQGridViewAnimatorItem.m */,
				38D6F119121982CC006909B6 /* AQGridViewCell.h */,
				38D6F11A121982CC006909B6 /* AQGridViewCell.m */,
				38D6F11B121982CC006909B6 /* AQGridViewCell+AQGridViewCellPrivate.h */,
				38D6F11C121982CC006909B6 /* AQGridViewController.h */,
				38D6F11D121982CC006909B6 /* AQGridViewController.m */,
				38D6F11E121982CC006909B6 /* AQGridViewData.h */,
				38D6F11F121982CC006909B6 /* AQGridViewData.m */,
				38D6F120121982CC006909B6 /* AQGridViewUpdateInfo.h */,
				38D6F121121982CC006909B6 /* AQGridViewUpdateInfo.m */,
				38D6F122121982CC006909B6 /* AQGridViewUpdateItem.h */,
				38D6F123121982CC006909B6 /* AQGridViewUpdateItem.m */,
				38D6F124121982CC006909B6 /* NSIndexSet+AQIndexesOutsideSet.h */,
				38D6F125121982CC006909B6 /* NSIndexSet+AQIndexesOutsideSet.m */,
				38D6F126121982CC006909B6 /* NSIndexSet+AQIsSetContiguous.h */,
				38D6F127121982CC006909B6 /* NSIndexSet+AQIsSetContiguous.m */,
				38D6F128121982CC006909B6 /* UIColor+AQGridView.h */,
				38D6F129121982CC006909B6 /* UIColor+AQGridView.m */,
			);
			name = GridView;
			sourceTree = "<group>";
		};
/* End PBXGroup section */

/* Begin PBXNativeTarget section */
		38D6F06812197E62006909B6 /* ExpanderDemo */ = {
			isa = PBXNativeTarget;
			buildConfigurationList = 38D6F08712197E62006909B6 /* Build configuration list for PBXNativeTarget "ExpanderDemo" */;
			buildPhases = (
				38D6F06512197E62006909B6 /* Sources */,
				38D6F06612197E62006909B6 /* Frameworks */,
				38D6F06712197E62006909B6 /* Resources */,
			);
			buildRules = (
			);
			dependencies = (
			);
			name = ExpanderDemo;
			productName = ExpanderDemo;
			productReference = 38D6F06912197E62006909B6 /* ExpanderDemo.app */;
			productType = "com.apple.product-type.application";
		};
/* End PBXNativeTarget section */

/* Begin PBXProject section */
		38D6F05C12197E62006909B6 /* Project object */ = {
			isa = PBXProject;
			attributes = {
				LastUpgradeCheck = 0500;
				ORGANIZATIONNAME = "Kobo Inc.";
			};
			buildConfigurationList = 38D6F05F12197E62006909B6 /* Build configuration list for PBXProject "ExpanderDemo" */;
			compatibilityVersion = "Xcode 3.2";
			developmentRegion = English;
			hasScannedForEncodings = 0;
			knownRegions = (
				en,
			);
			mainGroup = 38D6F05A12197E62006909B6;
			productRefGroup = 38D6F06A12197E62006909B6 /* Products */;
			projectDirPath = "";
			projectRoot = "";
			targets = (
				38D6F06812197E62006909B6 /* ExpanderDemo */,
			);
		};
/* End PBXProject section */

/* Begin PBXResourcesBuildPhase section */
		38D6F06712197E62006909B6 /* Resources */ = {
			isa = PBXResourcesBuildPhase;
			buildActionMask = 2147483647;
			files = (
				38D6F07612197E62006909B6 /* InfoPlist.strings in Resources */,
				38D6F07E12197E62006909B6 /* MainWindow.xib in Resources */,
				38AE3FCB12198E1300E7D3B5 /* 3D-simplicity.png in Resources */,
				38AE3FCC12198E1300E7D3B5 /* AppleTV-esque_by-mikelcroft_nl-1440.png in Resources */,
				38AE3FCD12198E1300E7D3B5 /* batman_surfing_on_superman.png in Resources */,
				38AE3FCE12198E1300E7D3B5 /* coffee-break_.png in Resources */,
				38AE3FCF12198E1300E7D3B5 /* colorful_1440x900.png in Resources */,
				38AE3FD012198E1300E7D3B5 /* Composition53.png in Resources */,
				38AE3FD112198E1300E7D3B5 /* Dragon.png in Resources */,
				38AE3FD212198E1300E7D3B5 /* eclipse.png in Resources */,
				38AE3FD312198E1300E7D3B5 /* face.png in Resources */,
				38AE3FD412198E1300E7D3B5 /* focus.png in Resources */,
				38AE3FD512198E1300E7D3B5 /* gbo.png in Resources */,
				38AE3FD612198E1300E7D3B5 /* Green_Plant_(2560x1600).png in Resources */,
				38AE3FD712198E1300E7D3B5 /* grounded.png in Resources */,
				38AE3FD812198E1300E7D3B5 /* happy.png in Resources */,
				38AE3FD912198E1300E7D3B5 /* LeatherHoles-Apple.png in Resources */,
				38AE3FDA12198E1300E7D3B5 /* Let_it_snow_by_mj_coffeeholick.png in Resources */,
				38AE3FDB12198E1300E7D3B5 /* Luxury_Apple_by_Stratification.png in Resources */,
				38AE3FDC12198E1300E7D3B5 /* MacMini.png in Resources */,
				38AE3FDD12198E1300E7D3B5 /* SlaveKingGod.png in Resources */,
				38AE3FDE12198E1300E7D3B5 /* Snow_Leopard_by_vladstudio.png in Resources */,
				38AE3FDF12198E1300E7D3B5 /* Space Fold.png in Resources */,
				38AE3FE012198E1300E7D3B5 /* Stormcloud_Schmeisser.png in Resources */,
				38AE3FE112198E1300E7D3B5 /* tiamat.png in Resources */,
				38AE3FE212198E1300E7D3B5 /* WTF.png in Resources */,
				389A5BCF1219900600B87185 /* AQGridSelection.png in Resources */,
				389A5BD01219900600B87185 /* AQGridSelectionGray.png in Resources */,
				389A5BD11219900600B87185 /* AQGridSelectionGrayBlue.png in Resources */,
				389A5BD21219900600B87185 /* AQGridSelectionGreen.png in Resources */,
				389A5BD31219900600B87185 /* AQGridSelectionRed.png in Resources */,
			);
			runOnlyForDeploymentPostprocessing = 0;
		};
/* End PBXResourcesBuildPhase section */

/* Begin PBXSourcesBuildPhase section */
		38D6F06512197E62006909B6 /* Sources */ = {
			isa = PBXSourcesBuildPhase;
			buildActionMask = 2147483647;
			files = (
				38D6F07812197E62006909B6 /* main.m in Sources */,
				38D6F07B12197E62006909B6 /* ExpanderDemoAppDelegate.m in Sources */,
				38D6F08112197E62006909B6 /* ExpanderDemoViewController.m in Sources */,
				38D6F12A121982CC006909B6 /* AQGridView.m in Sources */,
				38D6F12B121982CC006909B6 /* AQGridViewAnimatorItem.m in Sources */,
				38D6F12C121982CC006909B6 /* AQGridViewCell.m in Sources */,
				38D6F12D121982CC006909B6 /* AQGridViewController.m in Sources */,
				38D6F12E121982CC006909B6 /* AQGridViewData.m in Sources */,
				38D6F12F121982CC006909B6 /* AQGridViewUpdateInfo.m in Sources */,
				38D6F130121982CC006909B6 /* AQGridViewUpdateItem.m in Sources */,
				38D6F131121982CC006909B6 /* NSIndexSet+AQIndexesOutsideSet.m in Sources */,
				38D6F132121982CC006909B6 /* NSIndexSet+AQIsSetContiguous.m in Sources */,
				38D6F133121982CC006909B6 /* UIColor+AQGridView.m in Sources */,
				38D6F13C12198326006909B6 /* ImageGridViewCell.m in Sources */,
				38AE3FAE121986F700E7D3B5 /* ExpandFromGridViewCell.m in Sources */,
				38AE3FB112198A9D00E7D3B5 /* ExpandingGridViewController.m in Sources */,
			);
			runOnlyForDeploymentPostprocessing = 0;
		};
/* End PBXSourcesBuildPhase section */

/* Begin PBXVariantGroup section */
		38D6F07412197E62006909B6 /* InfoPlist.strings */ = {
			isa = PBXVariantGroup;
			children = (
				38D6F07512197E62006909B6 /* en */,
			);
			name = InfoPlist.strings;
			sourceTree = "<group>";
		};
		38D6F07C12197E62006909B6 /* MainWindow.xib */ = {
			isa = PBXVariantGroup;
			children = (
				38D6F07D12197E62006909B6 /* en */,
			);
			name = MainWindow.xib;
			sourceTree = "<group>";
		};
/* End PBXVariantGroup section */

/* Begin XCBuildConfiguration section */
		38D6F08512197E62006909B6 /* Debug */ = {
			isa = XCBuildConfiguration;
			buildSettings = {
				"CODE_SIGN_IDENTITY[sdk=iphoneos*]" = "iPhone Developer";
				GCC_C_LANGUAGE_STANDARD = gnu99;
				GCC_OPTIMIZATION_LEVEL = 0;
				GCC_PREPROCESSOR_DEFINITIONS = DEBUG;
				GCC_WARN_ABOUT_RETURN_TYPE = YES;
				GCC_WARN_UNUSED_VARIABLE = YES;
				ONLY_ACTIVE_ARCH = YES;
				SDKROOT = iphoneos;
				TARGETED_DEVICE_FAMILY = 2;
			};
			name = Debug;
		};
		38D6F08612197E62006909B6 /* Release */ = {
			isa = XCBuildConfiguration;
			buildSettings = {
				"CODE_SIGN_IDENTITY[sdk=iphoneos*]" = "iPhone Developer";
				GCC_C_LANGUAGE_STANDARD = gnu99;
				GCC_WARN_ABOUT_RETURN_TYPE = YES;
				GCC_WARN_UNUSED_VARIABLE = YES;
				OTHER_CFLAGS = "-DNS_BLOCK_ASSERTIONS=1";
				SDKROOT = iphoneos;
				TARGETED_DEVICE_FAMILY = 2;
			};
			name = Release;
		};
		38D6F08812197E62006909B6 /* Debug */ = {
			isa = XCBuildConfiguration;
			buildSettings = {
				ALWAYS_SEARCH_USER_PATHS = NO;
				COPY_PHASE_STRIP = NO;
				GCC_DYNAMIC_NO_PIC = NO;
				GCC_PRECOMPILE_PREFIX_HEADER = YES;
				GCC_PREFIX_HEADER = ExpanderDemo_Prefix.pch;
				INFOPLIST_FILE = "ExpanderDemo-Info.plist";
				PRODUCT_NAME = ExpanderDemo;
				WRAPPER_EXTENSION = app;
			};
			name = Debug;
		};
		38D6F08912197E62006909B6 /* Release */ = {
			isa = XCBuildConfiguration;
			buildSettings = {
				ALWAYS_SEARCH_USER_PATHS = NO;
				COPY_PHASE_STRIP = YES;
				GCC_PRECOMPILE_PREFIX_HEADER = YES;
				GCC_PREFIX_HEADER = ExpanderDemo_Prefix.pch;
				INFOPLIST_FILE = "ExpanderDemo-Info.plist";
				PRODUCT_NAME = ExpanderDemo;
				VALIDATE_PRODUCT = YES;
				WRAPPER_EXTENSION = app;
			};
			name = Release;
		};
/* End XCBuildConfiguration section */

/* Begin XCConfigurationList section */
		38D6F05F12197E62006909B6 /* Build configuration list for PBXProject "ExpanderDemo" */ = {
			isa = XCConfigurationList;
			buildConfigurations = (
				38D6F08512197E62006909B6 /* Debug */,
				38D6F08612197E62006909B6 /* Release */,
			);
			defaultConfigurationIsVisible = 0;
			defaultConfigurationName = Release;
		};
		38D6F08712197E62006909B6 /* Build configuration list for PBXNativeTarget "ExpanderDemo" */ = {
			isa = XCConfigurationList;
			buildConfigurations = (
				38D6F08812197E62006909B6 /* Debug */,
				38D6F08912197E62006909B6 /* Release */,
			);
			defaultConfigurationIsVisible = 0;
			defaultConfigurationName = Release;
		};
/* End XCConfigurationList section */
	};
	rootObject = 38D6F05C12197E62006909B6 /* Project object */;
}
